
Microsoft Visual Studio Solution File, Format Version 12.00
# Visual Studio Version 17
VisualStudioVersion = 17.11.35312.102
MinimumVisualStudioVersion = 10.0.40219.1
Project("{FAE04EC0-301F-11D3-BF4B-00C04F79EFBC}") = "PokemonReviewApp", "PokemonReviewApp\PokemonReviewApp.csproj", "{5CB99AEC-A546-4485-9A26-31CB5D9D63CF}"
EndProject
Global
	GlobalSection(SolutionConfigurationPlatforms) = preSolution
		Debug|Any CPU = Debug|Any CPU
		Release|Any CPU = Release|Any CPU
	EndGlobalSection
	GlobalSection(ProjectConfigurationPlatforms) = postSolution
		{5CB99AEC-A546-4485-9A26-31CB5D9D63CF}.Debug|Any CPU.ActiveCfg = Debug|Any CPU
		{5CB99AEC-A546-4485-9A26-31CB5D9D63CF}.Debug|Any CPU.Build.0 = Debug|Any CPU
		{5CB99AEC-A546-4485-9A26-31CB5D9D63CF}.Release|Any CPU.ActiveCfg = Release|Any CPU
		{5CB99AEC-A546-4485-9A26-31CB5D9D63CF}.Release|Any CPU.Build.0 = Release|Any CPU
	EndGlobalSection
	GlobalSection(SolutionProperties) = preSolution
		HideSolutionNode = FALSE
	EndGlobalSection
	GlobalSection(ExtensibilityGlobals) = postSolution
		SolutionGuid = {083A38A7-979F-422F-8CC5-04F13D4D07A2}
	EndGlobalSection
EndGlobal
